
Microsoft Visual Studio Solution File, Format Version 12.00
# Visual Studio 15
Project("{FAE04EC0-301F-11D3-BF4B-00C04F79EFBC}") = "Unity.RenderPipelines.Core.Runtime", "Unity.RenderPipelines.Core.Runtime.csproj", "{5E0F4A06-FB6A-EB09-798C-66E7C3F70038}"
EndProject
Project("{FAE04EC0-301F-11D3-BF4B-00C04F79EFBC}") = "Unity.RenderPipelines.HighDefinition.Runtime", "Unity.RenderPipelines.HighDefinition.Runtime.csproj", "{AA6E0BFC-6AD0-FB35-1861-6A20AF01DC7C}"
EndProject
Project("{FAE04EC0-301F-11D3-BF4B-00C04F79EFBC}") = "UnityEngine.UI", "UnityEngine.UI.csproj", "{90BFB68E-4D4C-DBF6-A7D5-1A3FDD18D0D6}"
EndProject
Project("{FAE04EC0-301F-11D3-BF4B-00C04F79EFBC}") = "UnityEngine.TestRunner", "UnityEngine.TestRunner.csproj", "{D31DECA0-F8C4-EDF4-CEB4-A80907D85CA5}"
EndProject
Project("{FAE04EC0-301F-11D3-BF4B-00C04F79EFBC}") = "Unity.Services.Core.Telemetry", "Unity.Services.Core.Telemetry.csproj", "{E7E7C3CA-4097-3BB2-F173-620D2CD07979}"
EndProject
Project("{FAE04EC0-301F-11D3-BF4B-00C04F79EFBC}") = "Unity.VisualScripting.State", "Unity.VisualScripting.State.csproj", "{3FDB622C-C628-F237-D2C7-C1A5E06CD6DC}"
EndProject
Project("{FAE04EC0-301F-11D3-BF4B-00C04F79EFBC}") = "Unity.Localization", "Unity.Localization.csproj", "{7CE3AFE5-B6D0-9481-45A3-9283FB53B982}"
EndProject
Project("{FAE04EC0-301F-11D3-BF4B-00C04F79EFBC}") = "Unity.VisualScripting.Flow", "Unity.VisualScripting.Flow.csproj", "{B059A370-5AFA-422D-3110-BFAC619EBA16}"
EndProject
Project("{FAE04EC0-301F-11D3-BF4B-00C04F79EFBC}") = "Unity.VisualScripting.Core", "Unity.VisualScripting.Core.csproj", "{3E2DFEAC-4C8D-9A83-24EE-509F973DC7F6}"
EndProject
Project("{FAE04EC0-301F-11D3-BF4B-00C04F79EFBC}") = "Unity.Services.Core.Environments.Internal", "Unity.Services.Core.Environments.Internal.csproj", "{037DDE1C-1E64-83D9-AF2B-8B99A225B578}"
EndProject
Project("{FAE04EC0-301F-11D3-BF4B-00C04F79EFBC}") = "Unity.TextMeshPro", "Unity.TextMeshPro.csproj", "{6AAF9AAB-E6EA-F34B-1E41-D2BE01535837}"
EndProject
Project("{FAE04EC0-301F-11D3-BF4B-00C04F79EFBC}") = "Unity.Burst", "Unity.Burst.csproj", "{3F42161F-0D84-1E2A-00B8-C2C7CBCDD2FE}"
EndProject
Project("{FAE04EC0-301F-11D3-BF4B-00C04F79EFBC}") = "Unity.ResourceManager", "Unity.ResourceManager.csproj", "{033603DB-AA67-A5BA-8710-9FF3F6E8AEB7}"
EndProject
Project("{FAE04EC0-301F-11D3-BF4B-00C04F79EFBC}") = "Unity.Services.Core.Environments", "Unity.Services.Core.Environments.csproj", "{9E387E62-7EFC-A9A9-EB1F-E41BE81649B3}"
EndProject
Project("{FAE04EC0-301F-11D3-BF4B-00C04F79EFBC}") = "Unity.Services.Core.Internal", "Unity.Services.Core.Internal.csproj", "{F3A9B358-CCAC-B166-3B1E-D713D2993678}"
EndProject
Project("{FAE04EC0-301F-11D3-BF4B-00C04F79EFBC}") = "Unity.Timeline", "Unity.Timeline.csproj", "{753EE8AF-65E4-1EF0-B068-D89FD65E82E5}"
EndProject
Project("{FAE04EC0-301F-11D3-BF4B-00C04F79EFBC}") = "Unity.Mathematics", "Unity.Mathematics.csproj", "{CDBEDD84-F3C6-4CD6-284D-1F9CD1B50299}"
EndProject
Project("{FAE04EC0-301F-11D3-BF4B-00C04F79EFBC}") = "Unity.VisualEffectGraph.Runtime", "Unity.VisualEffectGraph.Runtime.csproj", "{D28F7F7A-4935-4E8C-F11D-FB37E11D93C3}"
EndProject
Project("{FAE04EC0-301F-11D3-BF4B-00C04F79EFBC}") = "Unity.Services.Core.Scheduler", "Unity.Services.Core.Scheduler.csproj", "{C9CD2BC6-C829-EF75-DEAB-5B8A3D68F37B}"
EndProject
Project("{FAE04EC0-301F-11D3-BF4B-00C04F79EFBC}") = "Unity.Services.Core.Device", "Unity.Services.Core.Device.csproj", "{AD1CE4C3-B383-4241-D034-0F62EE6DA94F}"
EndProject
Project("{FAE04EC0-301F-11D3-BF4B-00C04F79EFBC}") = "Unity.Addressables", "Unity.Addressables.csproj", "{B26B902F-9054-962B-01E4-4A7DD0E15177}"
EndProject
Project("{FAE04EC0-301F-11D3-BF4B-00C04F79EFBC}") = "Assembly-CSharp", "Assembly-CSharp.csproj", "{E425096B-7DE3-5986-BBC1-0AC24F86DA9D}"
EndProject
Project("{FAE04EC0-301F-11D3-BF4B-00C04F79EFBC}") = "Unity.Services.Core.Analytics", "Unity.Services.Core.Analytics.csproj", "{3C1DC3D0-A424-EFA4-90ED-0BAF6C30D247}"
EndProject
Project("{FAE04EC0-301F-11D3-BF4B-00C04F79EFBC}") = "Unity.Services.Core.Threading", "Unity.Services.Core.Threading.csproj", "{277C85A3-903F-385C-3D62-07BE21A49C7D}"
EndProject
Project("{FAE04EC0-301F-11D3-BF4B-00C04F79EFBC}") = "Unity.Services.Core.Configuration", "Unity.Services.Core.Configuration.csproj", "{211E2BAA-5CB1-1F55-FD3D-781F682E1169}"
EndProject
Project("{FAE04EC0-301F-11D3-BF4B-00C04F79EFBC}") = "Unity.Services.Core", "Unity.Services.Core.csproj", "{D81F3DCE-AE3B-BA35-99A7-89DED44B159B}"
EndProject
Project("{FAE04EC0-301F-11D3-BF4B-00C04F79EFBC}") = "Unity.Services.Core.Networking", "Unity.Services.Core.Networking.csproj", "{9168AC8F-B821-E522-0A10-ABC844F92290}"
EndProject
Project("{FAE04EC0-301F-11D3-BF4B-00C04F79EFBC}") = "Unity.InternalAPIEngineBridge.013", "Unity.InternalAPIEngineBridge.013.csproj", "{80FEBAA4-5224-A78D-C28A-042ADD0D51D0}"
EndProject
Project("{FAE04EC0-301F-11D3-BF4B-00C04F79EFBC}") = "Unity.Services.Core.Registration", "Unity.Services.Core.Registration.csproj", "{2DF1CED6-E50C-AF7C-787E-334107C6561E}"
EndProject
Project("{FAE04EC0-301F-11D3-BF4B-00C04F79EFBC}") = "Unity.RenderPipelines.ShaderGraph.ShaderGraphLibrary", "Unity.RenderPipelines.ShaderGraph.ShaderGraphLibrary.csproj", "{24220913-0B8A-3A81-629D-4FFB81F26B13}"
EndProject
Project("{FAE04EC0-301F-11D3-BF4B-00C04F79EFBC}") = "Unity.ScriptableBuildPipeline", "Unity.ScriptableBuildPipeline.csproj", "{6EDD5226-A4DB-B01A-3AF5-1D6862607602}"
EndProject
Project("{FAE04EC0-301F-11D3-BF4B-00C04F79EFBC}") = "Unity.RenderPipelines.Core.ShaderLibrary", "Unity.RenderPipelines.Core.ShaderLibrary.csproj", "{7ACD3AD0-1855-BFDD-E511-6BB5FB61D155}"
EndProject
Project("{FAE04EC0-301F-11D3-BF4B-00C04F79EFBC}") = "RuntimePreviewGenerator.Runtime", "RuntimePreviewGenerator.Runtime.csproj", "{6534D7A1-A5C6-E230-1220-E222B1B530F7}"
EndProject
Project("{FAE04EC0-301F-11D3-BF4B-00C04F79EFBC}") = "Unity.RenderPipelines.HighDefinition.Config.Runtime", "Unity.RenderPipelines.HighDefinition.Config.Runtime.csproj", "{96F6B1F8-7FA5-92BA-82EF-EEA3B7CB85BE}"
EndProject
Project("{FAE04EC0-301F-11D3-BF4B-00C04F79EFBC}") = "Unity.PlasticSCM.Editor", "Unity.PlasticSCM.Editor.csproj", "{345B3895-C1AD-6AB7-54A1-33698BAB0C4E}"
EndProject
Project("{FAE04EC0-301F-11D3-BF4B-00C04F79EFBC}") = "Unity.VisualScripting.Core.Editor", "Unity.VisualScripting.Core.Editor.csproj", "{6CB15724-BDD8-A8A3-AB32-C7C2410C9619}"
EndProject
Project("{FAE04EC0-301F-11D3-BF4B-00C04F79EFBC}") = "Unity.ShaderGraph.Editor", "Unity.ShaderGraph.Editor.csproj", "{6936105F-407A-6B2B-72AD-FE7647C00905}"
EndProject
Project("{FAE04EC0-301F-11D3-BF4B-00C04F79EFBC}") = "Unity.Localization.Editor", "Unity.Localization.Editor.csproj", "{7E7E0AF7-4468-001E-35C2-6E2FE69D0314}"
EndProject
Project("{FAE04EC0-301F-11D3-BF4B-00C04F79EFBC}") = "Unity.Timeline.Editor", "Unity.Timeline.Editor.csproj", "{7F9E09DB-6BA8-069F-103E-D8394FEC4DFF}"
EndProject
Project("{FAE04EC0-301F-11D3-BF4B-00C04F79EFBC}") = "Unity.VisualEffectGraph.Editor", "Unity.VisualEffectGraph.Editor.csproj", "{8DAF1E46-BD28-144A-9EFB-1C20FE2C3673}"
EndProject
Project("{FAE04EC0-301F-11D3-BF4B-00C04F79EFBC}") = "Unity.TextMeshPro.Editor", "Unity.TextMeshPro.Editor.csproj", "{0295419C-3C98-C612-B881-B1A1AE4EABAC}"
EndProject
Project("{FAE04EC0-301F-11D3-BF4B-00C04F79EFBC}") = "Unity.VisualScripting.SettingsProvider.Editor", "Unity.VisualScripting.SettingsProvider.Editor.csproj", "{2BC00B33-4F4B-3AA8-59F4-26C909A32AAA}"
EndProject
Project("{FAE04EC0-301F-11D3-BF4B-00C04F79EFBC}") = "Unity.RenderPipelines.HighDefinition.Editor", "Unity.RenderPipelines.HighDefinition.Editor.csproj", "{3BD95378-5A06-A658-00C3-6509817FA33B}"
EndProject
Project("{FAE04EC0-301F-11D3-BF4B-00C04F79EFBC}") = "UnityEditor.TestRunner", "UnityEditor.TestRunner.csproj", "{E4A217B9-5B8B-5E47-7470-AB9A30D51A58}"
EndProject
Project("{FAE04EC0-301F-11D3-BF4B-00C04F79EFBC}") = "Unity.TestTools.CodeCoverage.Editor", "Unity.TestTools.CodeCoverage.Editor.csproj", "{A5A04D8D-19B6-B2D4-762A-5EAF47293316}"
EndProject
Project("{FAE04EC0-301F-11D3-BF4B-00C04F79EFBC}") = "Unity.Addressables.Editor", "Unity.Addressables.Editor.csproj", "{70BA1B86-9958-03E4-4C36-EF6A76D6F62E}"
EndProject
Project("{FAE04EC0-301F-11D3-BF4B-00C04F79EFBC}") = "Unity.VisualScripting.Flow.Editor", "Unity.VisualScripting.Flow.Editor.csproj", "{4FE52ABF-D90D-347E-A1B7-258104F2E382}"
EndProject
Project("{FAE04EC0-301F-11D3-BF4B-00C04F79EFBC}") = "Unity.Rider.Editor", "Unity.Rider.Editor.csproj", "{6E5A82FB-0A08-6424-05FC-0D182868CE11}"
EndProject
Project("{FAE04EC0-301F-11D3-BF4B-00C04F79EFBC}") = "Unity.CollabProxy.Editor", "Unity.CollabProxy.Editor.csproj", "{CA6BC721-74FD-D279-896F-7E186D354605}"
EndProject
Project("{FAE04EC0-301F-11D3-BF4B-00C04F79EFBC}") = "Unity.ScriptableBuildPipeline.Editor", "Unity.ScriptableBuildPipeline.Editor.csproj", "{7EEDEE44-98FA-C4AC-2039-1C7F6E0606C2}"
EndProject
Project("{FAE04EC0-301F-11D3-BF4B-00C04F79EFBC}") = "Unity.Performance.Profile-Analyzer.Editor", "Unity.Performance.Profile-Analyzer.Editor.csproj", "{20FD8360-B442-0E02-02EC-B10B5B4C2817}"
EndProject
Project("{FAE04EC0-301F-11D3-BF4B-00C04F79EFBC}") = "Unity.RenderPipelines.Core.Editor", "Unity.RenderPipelines.Core.Editor.csproj", "{03A036AF-47C5-2139-25AC-23794D3B63C4}"
EndProject
Project("{FAE04EC0-301F-11D3-BF4B-00C04F79EFBC}") = "Unity.Services.Core.Editor", "Unity.Services.Core.Editor.csproj", "{7E8CFCEA-00D1-794E-75A9-12109A0B1E50}"
EndProject
Project("{FAE04EC0-301F-11D3-BF4B-00C04F79EFBC}") = "Unity.SysrootPackage.Editor", "Unity.SysrootPackage.Editor.csproj", "{9A1AE7E7-E41B-9E0F-3FD4-3BAD8DCE2537}"
EndProject
Project("{FAE04EC0-301F-11D3-BF4B-00C04F79EFBC}") = "Unity.Burst.CodeGen", "Unity.Burst.CodeGen.csproj", "{A2368402-C061-72C5-AA6C-EEF217849748}"
EndProject
Project("{FAE04EC0-301F-11D3-BF4B-00C04F79EFBC}") = "Unity.Toolchain.Win-x86_64-Linux-x86_64", "Unity.Toolchain.Win-x86_64-Linux-x86_64.csproj", "{B0967336-CF78-EA82-A110-847D7FC62476}"
EndProject
Project("{FAE04EC0-301F-11D3-BF4B-00C04F79EFBC}") = "Unity.VSCode.Editor", "Unity.VSCode.Editor.csproj", "{635B5AD5-550F-C3E5-2910-8FAB7E25894F}"
EndProject
Project("{FAE04EC0-301F-11D3-BF4B-00C04F79EFBC}") = "Unity.VisualStudio.Editor", "Unity.VisualStudio.Editor.csproj", "{0EC4DEFD-3728-AB12-8308-62528CD983CC}"
EndProject
Project("{FAE04EC0-301F-11D3-BF4B-00C04F79EFBC}") = "Unity.TestTools.CodeCoverage.Editor.OpenCover.Model", "Unity.TestTools.CodeCoverage.Editor.OpenCover.Model.csproj", "{5DB83EE7-E0E9-DC7F-55BA-0147FB37AFFA}"
EndProject
Project("{FAE04EC0-301F-11D3-BF4B-00C04F79EFBC}") = "Unity.Settings.Editor", "Unity.Settings.Editor.csproj", "{525393F3-8030-5104-157F-8105A3366E55}"
EndProject
Project("{FAE04EC0-301F-11D3-BF4B-00C04F79EFBC}") = "Unity.VisualScripting.State.Editor", "Unity.VisualScripting.State.Editor.csproj", "{86F9A64B-F4A5-2BCD-EDB1-653B79935A86}"
EndProject
Project("{FAE04EC0-301F-11D3-BF4B-00C04F79EFBC}") = "UnityEditor.CacheServer", "UnityEditor.CacheServer.csproj", "{DAD81E2F-B4F7-D4E0-5A0A-5A09BCDCDD93}"
EndProject
Project("{FAE04EC0-301F-11D3-BF4B-00C04F79EFBC}") = "UnityEditor.UI", "UnityEditor.UI.csproj", "{9E049EF3-CE3B-73AD-FA18-D1AFB16D9548}"
EndProject
Project("{FAE04EC0-301F-11D3-BF4B-00C04F79EFBC}") = "Unity.Searcher.Editor", "Unity.Searcher.Editor.csproj", "{613E6652-C5FF-8D1D-D77F-DED153380846}"
EndProject
Project("{FAE04EC0-301F-11D3-BF4B-00C04F79EFBC}") = "Unity.Services.Core.Configuration.Editor", "Unity.Services.Core.Configuration.Editor.csproj", "{704E7815-AB79-9AE0-33A5-6C5040C9B618}"
EndProject
Project("{FAE04EC0-301F-11D3-BF4B-00C04F79EFBC}") = "Unity.Burst.Editor", "Unity.Burst.Editor.csproj", "{698EAACC-7B20-E893-1856-B736099F72BF}"
EndProject
Project("{FAE04EC0-301F-11D3-BF4B-00C04F79EFBC}") = "Unity.InternalAPIEditorBridge.013", "Unity.InternalAPIEditorBridge.013.csproj", "{56F16A29-C81D-F421-9591-D962A98E6E54}"
EndProject
Project("{FAE04EC0-301F-11D3-BF4B-00C04F79EFBC}") = "Unity.ShaderGraph.Utilities", "Unity.ShaderGraph.Utilities.csproj", "{366EA6C8-693C-9E66-BACF-20969A473E2F}"
EndProject
Project("{FAE04EC0-301F-11D3-BF4B-00C04F79EFBC}") = "Unity.Sysroot.Linux_x86_64", "Unity.Sysroot.Linux_x86_64.csproj", "{609A9474-CB47-3191-DE1F-302A6F468EB1}"
EndProject
Project("{FAE04EC0-301F-11D3-BF4B-00C04F79EFBC}") = "Unity.Mathematics.Editor", "Unity.Mathematics.Editor.csproj", "{62D31292-463C-02F8-C464-9C6FB208596F}"
EndProject
Project("{FAE04EC0-301F-11D3-BF4B-00C04F79EFBC}") = "Unity.TestTools.CodeCoverage.Editor.OpenCover.Mono.Reflection", "Unity.TestTools.CodeCoverage.Editor.OpenCover.Mono.Reflection.csproj", "{94512508-8EB6-A497-CCF8-0A271C71C08C}"
EndProject
Project("{FAE04EC0-301F-11D3-BF4B-00C04F79EFBC}") = "Unity.EditorCoroutines.Editor", "Unity.EditorCoroutines.Editor.csproj", "{AD5705F3-5738-BD86-BA8B-8B914BBAB891}"
EndProject
Project("{FAE04EC0-301F-11D3-BF4B-00C04F79EFBC}") = "Unity.VisualScripting.Shared.Editor", "Unity.VisualScripting.Shared.Editor.csproj", "{D5769159-98D3-3A8D-200A-E02634B5DA45}"
EndProject
Project("{FAE04EC0-301F-11D3-BF4B-00C04F79EFBC}") = "Unity.RenderPipelines.Core.Runtime", "Unity.RenderPipelines.Core.Runtime.Player.csproj", "{DEF4B171-E653-F48F-4B35-D947860C7167}"
EndProject
Project("{FAE04EC0-301F-11D3-BF4B-00C04F79EFBC}") = "Unity.RenderPipelines.HighDefinition.Runtime", "Unity.RenderPipelines.HighDefinition.Runtime.Player.csproj", "{193A1011-FEB8-8D2B-7446-105F703020A4}"
EndProject
Project("{FAE04EC0-301F-11D3-BF4B-00C04F79EFBC}") = "UnityEngine.UI", "UnityEngine.UI.Player.csproj", "{2BEC5570-A5BA-B26C-61B4-12E2BAD85B86}"
EndProject
Project("{FAE04EC0-301F-11D3-BF4B-00C04F79EFBC}") = "UnityEngine.TestRunner", "UnityEngine.TestRunner.Player.csproj", "{DF7EEAEB-8D4E-D2B9-CDF3-35DC86B456B7}"
EndProject
Project("{FAE04EC0-301F-11D3-BF4B-00C04F79EFBC}") = "Unity.Services.Core.Telemetry", "Unity.Services.Core.Telemetry.Player.csproj", "{03DEC5A0-B30D-41A9-12ED-5C421A1267CD}"
EndProject
Project("{FAE04EC0-301F-11D3-BF4B-00C04F79EFBC}") = "Unity.VisualScripting.State", "Unity.VisualScripting.State.Player.csproj", "{9D439C74-6ABB-FD05-5A65-A9517C7362BF}"
EndProject
Project("{FAE04EC0-301F-11D3-BF4B-00C04F79EFBC}") = "Unity.Localization", "Unity.Localization.Player.csproj", "{F235F9E5-80EA-16BD-82E3-BFCCC7D7DC30}"
EndProject
Project("{FAE04EC0-301F-11D3-BF4B-00C04F79EFBC}") = "Unity.VisualScripting.Flow", "Unity.VisualScripting.Flow.Player.csproj", "{048D9290-4007-E482-1252-C8039DCAB619}"
EndProject
Project("{FAE04EC0-301F-11D3-BF4B-00C04F79EFBC}") = "Unity.VisualScripting.Core", "Unity.VisualScripting.Core.Player.csproj", "{16A8E4BE-316A-77F9-8495-3CB8281B91BF}"
EndProject
Project("{FAE04EC0-301F-11D3-BF4B-00C04F79EFBC}") = "Unity.Services.Core.Environments.Internal", "Unity.Services.Core.Environments.Internal.Player.csproj", "{CED7EEA7-F64D-1814-4A25-B09D24BE80B0}"
EndProject
Project("{FAE04EC0-301F-11D3-BF4B-00C04F79EFBC}") = "Unity.TextMeshPro", "Unity.TextMeshPro.Player.csproj", "{C772B4F3-6049-095D-0577-751316DA9312}"
EndProject
Project("{FAE04EC0-301F-11D3-BF4B-00C04F79EFBC}") = "Unity.Burst", "Unity.Burst.Player.csproj", "{757E4E92-10A3-73E2-7C0E-CA51F10681D3}"
EndProject
Project("{FAE04EC0-301F-11D3-BF4B-00C04F79EFBC}") = "Unity.ResourceManager", "Unity.ResourceManager.Player.csproj", "{C0FD4371-D9CC-740D-B6DA-3F4692658396}"
EndProject
Project("{FAE04EC0-301F-11D3-BF4B-00C04F79EFBC}") = "Unity.Services.Core.Environments", "Unity.Services.Core.Environments.Player.csproj", "{0ADD2F89-17A1-B1FC-C272-4086AB9EA632}"
EndProject
Project("{FAE04EC0-301F-11D3-BF4B-00C04F79EFBC}") = "Unity.Services.Core.Internal", "Unity.Services.Core.Internal.Player.csproj", "{3DD4C06E-2399-7C4D-0B56-57C016A84339}"
EndProject
Project("{FAE04EC0-301F-11D3-BF4B-00C04F79EFBC}") = "Unity.Timeline", "Unity.Timeline.Player.csproj", "{8C6BCF9D-0195-9843-22D6-4843FB7DB89A}"
EndProject
Project("{FAE04EC0-301F-11D3-BF4B-00C04F79EFBC}") = "Unity.Mathematics", "Unity.Mathematics.Player.csproj", "{FE5CBFA2-1F2C-B03F-1376-ED7233222287}"
EndProject
Project("{FAE04EC0-301F-11D3-BF4B-00C04F79EFBC}") = "Unity.VisualEffectGraph.Runtime", "Unity.VisualEffectGraph.Runtime.Player.csproj", "{56184208-DB01-1072-5109-C3368E534F74}"
EndProject
Project("{FAE04EC0-301F-11D3-BF4B-00C04F79EFBC}") = "Unity.Services.Core.Scheduler", "Unity.Services.Core.Scheduler.Player.csproj", "{48C2309E-926B-F4BE-AE2C-C3B8413B4135}"
EndProject
Project("{FAE04EC0-301F-11D3-BF4B-00C04F79EFBC}") = "Unity.Services.Core.Device", "Unity.Services.Core.Device.Player.csproj", "{80F731A6-E883-0FD6-B158-19065C3FBAC4}"
EndProject
Project("{FAE04EC0-301F-11D3-BF4B-00C04F79EFBC}") = "Unity.Addressables", "Unity.Addressables.Player.csproj", "{00052084-86D4-B2EF-E338-DC8218A18F29}"
EndProject
Project("{FAE04EC0-301F-11D3-BF4B-00C04F79EFBC}") = "Assembly-CSharp", "Assembly-CSharp.Player.csproj", "{C3173121-0E73-642C-2150-7931CEF70C60}"
EndProject
Project("{FAE04EC0-301F-11D3-BF4B-00C04F79EFBC}") = "Unity.Services.Core.Analytics", "Unity.Services.Core.Analytics.Player.csproj", "{754A9894-5887-DF8D-B0B5-B32836FF2F20}"
EndProject
Project("{FAE04EC0-301F-11D3-BF4B-00C04F79EFBC}") = "Unity.Services.Core.Threading", "Unity.Services.Core.Threading.Player.csproj", "{41F69057-4567-1044-A0B0-608AF0A4C8D8}"
EndProject
Project("{FAE04EC0-301F-11D3-BF4B-00C04F79EFBC}") = "Unity.Services.Core.Configuration", "Unity.Services.Core.Configuration.Player.csproj", "{DD1F220F-943A-C086-4D20-B66CE986D988}"
EndProject
Project("{FAE04EC0-301F-11D3-BF4B-00C04F79EFBC}") = "Unity.Services.Core", "Unity.Services.Core.Player.csproj", "{2EE8F9C2-BC6A-5B5D-72F8-FF51380EB090}"
EndProject
Project("{FAE04EC0-301F-11D3-BF4B-00C04F79EFBC}") = "Unity.Services.Core.Networking", "Unity.Services.Core.Networking.Player.csproj", "{92C70275-F86F-5104-8C88-C0D7FED6AD12}"
EndProject
Project("{FAE04EC0-301F-11D3-BF4B-00C04F79EFBC}") = "Unity.InternalAPIEngineBridge.013", "Unity.InternalAPIEngineBridge.013.Player.csproj", "{E9D7CDEA-61E7-E1B5-CEA4-6862EC99B45B}"
EndProject
Project("{FAE04EC0-301F-11D3-BF4B-00C04F79EFBC}") = "Unity.Services.Core.Registration", "Unity.Services.Core.Registration.Player.csproj", "{D84517DE-AC83-B253-0A01-65CEDCF75E3D}"
EndProject
Project("{FAE04EC0-301F-11D3-BF4B-00C04F79EFBC}") = "Unity.RenderPipelines.ShaderGraph.ShaderGraphLibrary", "Unity.RenderPipelines.ShaderGraph.ShaderGraphLibrary.Player.csproj", "{52F71281-B2C7-633A-F412-9BAF72493A5E}"
EndProject
Project("{FAE04EC0-301F-11D3-BF4B-00C04F79EFBC}") = "Unity.ScriptableBuildPipeline", "Unity.ScriptableBuildPipeline.Player.csproj", "{5671FA79-970C-6C43-D2B0-93432DCCA49D}"
EndProject
Project("{FAE04EC0-301F-11D3-BF4B-00C04F79EFBC}") = "Unity.RenderPipelines.Core.ShaderLibrary", "Unity.RenderPipelines.Core.ShaderLibrary.Player.csproj", "{E9AC3B7B-43ED-CFA5-5C8C-350108D0AE01}"
EndProject
Project("{FAE04EC0-301F-11D3-BF4B-00C04F79EFBC}") = "RuntimePreviewGenerator.Runtime", "RuntimePreviewGenerator.Runtime.Player.csproj", "{69321FC7-19F2-8972-DC4B-40C6C17FAD42}"
EndProject
Project("{FAE04EC0-301F-11D3-BF4B-00C04F79EFBC}") = "Unity.RenderPipelines.HighDefinition.Config.Runtime", "Unity.RenderPipelines.HighDefinition.Config.Runtime.Player.csproj", "{74DBE030-E709-4EA6-6792-F3DC97332612}"
EndProject
Global
	GlobalSection(SolutionConfigurationPlatforms) = preSolution
		Debug|Any CPU = Debug|Any CPU
		Release|Any CPU = Release|Any CPU
	EndGlobalSection
	GlobalSection(ProjectConfigurationPlatforms) = postSolution
		{5E0F4A06-FB6A-EB09-798C-66E7C3F70038}.Debug|Any CPU.ActiveCfg = Debug|Any CPU
		{5E0F4A06-FB6A-EB09-798C-66E7C3F70038}.Debug|Any CPU.Build.0 = Debug|Any CPU
		{5E0F4A06-FB6A-EB09-798C-66E7C3F70038}.Release|Any CPU.ActiveCfg = Release|Any CPU
		{5E0F4A06-FB6A-EB09-798C-66E7C3F70038}.Release|Any CPU.Build.0 = Release|Any CPU
		{AA6E0BFC-6AD0-FB35-1861-6A20AF01DC7C}.Debug|Any CPU.ActiveCfg = Debug|Any CPU
		{AA6E0BFC-6AD0-FB35-1861-6A20AF01DC7C}.Debug|Any CPU.Build.0 = Debug|Any CPU
		{AA6E0BFC-6AD0-FB35-1861-6A20AF01DC7C}.Release|Any CPU.ActiveCfg = Release|Any CPU
		{AA6E0BFC-6AD0-FB35-1861-6A20AF01DC7C}.Release|Any CPU.Build.0 = Release|Any CPU
		{90BFB68E-4D4C-DBF6-A7D5-1A3FDD18D0D6}.Debug|Any CPU.ActiveCfg = Debug|Any CPU
		{90BFB68E-4D4C-DBF6-A7D5-1A3FDD18D0D6}.Debug|Any CPU.Build.0 = Debug|Any CPU
		{90BFB68E-4D4C-DBF6-A7D5-1A3FDD18D0D6}.Release|Any CPU.ActiveCfg = Release|Any CPU
		{90BFB68E-4D4C-DBF6-A7D5-1A3FDD18D0D6}.Release|Any CPU.Build.0 = Release|Any CPU
		{D31DECA0-F8C4-EDF4-CEB4-A80907D85CA5}.Debug|Any CPU.ActiveCfg = Debug|Any CPU
		{D31DECA0-F8C4-EDF4-CEB4-A80907D85CA5}.Debug|Any CPU.Build.0 = Debug|Any CPU
		{D31DECA0-F8C4-EDF4-CEB4-A80907D85CA5}.Release|Any CPU.ActiveCfg = Release|Any CPU
		{D31DECA0-F8C4-EDF4-CEB4-A80907D85CA5}.Release|Any CPU.Build.0 = Release|Any CPU
		{E7E7C3CA-4097-3BB2-F173-620D2CD07979}.Debug|Any CPU.ActiveCfg = Debug|Any CPU
		{E7E7C3CA-4097-3BB2-F173-620D2CD07979}.Debug|Any CPU.Build.0 = Debug|Any CPU
		{E7E7C3CA-4097-3BB2-F173-620D2CD07979}.Release|Any CPU.ActiveCfg = Release|Any CPU
		{E7E7C3CA-4097-3BB2-F173-620D2CD07979}.Release|Any CPU.Build.0 = Release|Any CPU
		{3FDB622C-C628-F237-D2C7-C1A5E06CD6DC}.Debug|Any CPU.ActiveCfg = Debug|Any CPU
		{3FDB622C-C628-F237-D2C7-C1A5E06CD6DC}.Debug|Any CPU.Build.0 = Debug|Any CPU
		{3FDB622C-C628-F237-D2C7-C1A5E06CD6DC}.Release|Any CPU.ActiveCfg = Release|Any CPU
		{3FDB622C-C628-F237-D2C7-C1A5E06CD6DC}.Release|Any CPU.Build.0 = Release|Any CPU
		{7CE3AFE5-B6D0-9481-45A3-9283FB53B982}.Debug|Any CPU.ActiveCfg = Debug|Any CPU
		{7CE3AFE5-B6D0-9481-45A3-9283FB53B982}.Debug|Any CPU.Build.0 = Debug|Any CPU
		{7CE3AFE5-B6D0-9481-45A3-9283FB53B982}.Release|Any CPU.ActiveCfg = Release|Any CPU
		{7CE3AFE5-B6D0-9481-45A3-9283FB53B982}.Release|Any CPU.Build.0 = Release|Any CPU
		{B059A370-5AFA-422D-3110-BFAC619EBA16}.Debug|Any CPU.ActiveCfg = Debug|Any CPU
		{B059A370-5AFA-422D-3110-BFAC619EBA16}.Debug|Any CPU.Build.0 = Debug|Any CPU
		{B059A370-5AFA-422D-3110-BFAC619EBA16}.Release|Any CPU.ActiveCfg = Release|Any CPU
		{B059A370-5AFA-422D-3110-BFAC619EBA16}.Release|Any CPU.Build.0 = Release|Any CPU
		{3E2DFEAC-4C8D-9A83-24EE-509F973DC7F6}.Debug|Any CPU.ActiveCfg = Debug|Any CPU
		{3E2DFEAC-4C8D-9A83-24EE-509F973DC7F6}.Debug|Any CPU.Build.0 = Debug|Any CPU
		{3E2DFEAC-4C8D-9A83-24EE-509F973DC7F6}.Release|Any CPU.ActiveCfg = Release|Any CPU
		{3E2DFEAC-4C8D-9A83-24EE-509F973DC7F6}.Release|Any CPU.Build.0 = Release|Any CPU
		{037DDE1C-1E64-83D9-AF2B-8B99A225B578}.Debug|Any CPU.ActiveCfg = Debug|Any CPU
		{037DDE1C-1E64-83D9-AF2B-8B99A225B578}.Debug|Any CPU.Build.0 = Debug|Any CPU
		{037DDE1C-1E64-83D9-AF2B-8B99A225B578}.Release|Any CPU.ActiveCfg = Release|Any CPU
		{037DDE1C-1E64-83D9-AF2B-8B99A225B578}.Release|Any CPU.Build.0 = Release|Any CPU
		{6AAF9AAB-E6EA-F34B-1E41-D2BE01535837}.Debug|Any CPU.ActiveCfg = Debug|Any CPU
		{6AAF9AAB-E6EA-F34B-1E41-D2BE01535837}.Debug|Any CPU.Build.0 = Debug|Any CPU
		{6AAF9AAB-E6EA-F34B-1E41-D2BE01535837}.Release|Any CPU.ActiveCfg = Release|Any CPU
		{6AAF9AAB-E6EA-F34B-1E41-D2BE01535837}.Release|Any CPU.Build.0 = Release|Any CPU
		{3F42161F-0D84-1E2A-00B8-C2C7CBCDD2FE}.Debug|Any CPU.ActiveCfg = Debug|Any CPU
		{3F42161F-0D84-1E2A-00B8-C2C7CBCDD2FE}.Debug|Any CPU.Build.0 = Debug|Any CPU
		{3F42161F-0D84-1E2A-00B8-C2C7CBCDD2FE}.Release|Any CPU.ActiveCfg = Release|Any CPU
		{3F42161F-0D84-1E2A-00B8-C2C7CBCDD2FE}.Release|Any CPU.Build.0 = Release|Any CPU
		{033603DB-AA67-A5BA-8710-9FF3F6E8AEB7}.Debug|Any CPU.ActiveCfg = Debug|Any CPU
		{033603DB-AA67-A5BA-8710-9FF3F6E8AEB7}.Debug|Any CPU.Build.0 = Debug|Any CPU
		{033603DB-AA67-A5BA-8710-9FF3F6E8AEB7}.Release|Any CPU.ActiveCfg = Release|Any CPU
		{033603DB-AA67-A5BA-8710-9FF3F6E8AEB7}.Release|Any CPU.Build.0 = Release|Any CPU
		{9E387E62-7EFC-A9A9-EB1F-E41BE81649B3}.Debug|Any CPU.ActiveCfg = Debug|Any CPU
		{9E387E62-7EFC-A9A9-EB1F-E41BE81649B3}.Debug|Any CPU.Build.0 = Debug|Any CPU
		{9E387E62-7EFC-A9A9-EB1F-E41BE81649B3}.Release|Any CPU.ActiveCfg = Release|Any CPU
		{9E387E62-7EFC-A9A9-EB1F-E41BE81649B3}.Release|Any CPU.Build.0 = Release|Any CPU
		{F3A9B358-CCAC-B166-3B1E-D713D2993678}.Debug|Any CPU.ActiveCfg = Debug|Any CPU
		{F3A9B358-CCAC-B166-3B1E-D713D2993678}.Debug|Any CPU.Build.0 = Debug|Any CPU
		{F3A9B358-CCAC-B166-3B1E-D713D2993678}.Release|Any CPU.ActiveCfg = Release|Any CPU
		{F3A9B358-CCAC-B166-3B1E-D713D2993678}.Release|Any CPU.Build.0 = Release|Any CPU
		{753EE8AF-65E4-1EF0-B068-D89FD65E82E5}.Debug|Any CPU.ActiveCfg = Debug|Any CPU
		{753EE8AF-65E4-1EF0-B068-D89FD65E82E5}.Debug|Any CPU.Build.0 = Debug|Any CPU
		{753EE8AF-65E4-1EF0-B068-D89FD65E82E5}.Release|Any CPU.ActiveCfg = Release|Any CPU
		{753EE8AF-65E4-1EF0-B068-D89FD65E82E5}.Release|Any CPU.Build.0 = Release|Any CPU
		{CDBEDD84-F3C6-4CD6-284D-1F9CD1B50299}.Debug|Any CPU.ActiveCfg = Debug|Any CPU
		{CDBEDD84-F3C6-4CD6-284D-1F9CD1B50299}.Debug|Any CPU.Build.0 = Debug|Any CPU
		{CDBEDD84-F3C6-4CD6-284D-1F9CD1B50299}.Release|Any CPU.ActiveCfg = Release|Any CPU
		{CDBEDD84-F3C6-4CD6-284D-1F9CD1B50299}.Release|Any CPU.Build.0 = Release|Any CPU
		{D28F7F7A-4935-4E8C-F11D-FB37E11D93C3}.Debug|Any CPU.ActiveCfg = Debug|Any CPU
		{D28F7F7A-4935-4E8C-F11D-FB37E11D93C3}.Debug|Any CPU.Build.0 = Debug|Any CPU
		{D28F7F7A-4935-4E8C-F11D-FB37E11D93C3}.Release|Any CPU.ActiveCfg = Release|Any CPU
		{D28F7F7A-4935-4E8C-F11D-FB37E11D93C3}.Release|Any CPU.Build.0 = Release|Any CPU
		{C9CD2BC6-C829-EF75-DEAB-5B8A3D68F37B}.Debug|Any CPU.ActiveCfg = Debug|Any CPU
		{C9CD2BC6-C829-EF75-DEAB-5B8A3D68F37B}.Debug|Any CPU.Build.0 = Debug|Any CPU
		{C9CD2BC6-C829-EF75-DEAB-5B8A3D68F37B}.Release|Any CPU.ActiveCfg = Release|Any CPU
		{C9CD2BC6-C829-EF75-DEAB-5B8A3D68F37B}.Release|Any CPU.Build.0 = Release|Any CPU
		{AD1CE4C3-B383-4241-D034-0F62EE6DA94F}.Debug|Any CPU.ActiveCfg = Debug|Any CPU
		{AD1CE4C3-B383-4241-D034-0F62EE6DA94F}.Debug|Any CPU.Build.0 = Debug|Any CPU
		{AD1CE4C3-B383-4241-D034-0F62EE6DA94F}.Release|Any CPU.ActiveCfg = Release|Any CPU
		{AD1CE4C3-B383-4241-D034-0F62EE6DA94F}.Release|Any CPU.Build.0 = Release|Any CPU
		{B26B902F-9054-962B-01E4-4A7DD0E15177}.Debug|Any CPU.ActiveCfg = Debug|Any CPU
		{B26B902F-9054-962B-01E4-4A7DD0E15177}.Debug|Any CPU.Build.0 = Debug|Any CPU
		{B26B902F-9054-962B-01E4-4A7DD0E15177}.Release|Any CPU.ActiveCfg = Release|Any CPU
		{B26B902F-9054-962B-01E4-4A7DD0E15177}.Release|Any CPU.Build.0 = Release|Any CPU
		{E425096B-7DE3-5986-BBC1-0AC24F86DA9D}.Debug|Any CPU.ActiveCfg = Debug|Any CPU
		{E425096B-7DE3-5986-BBC1-0AC24F86DA9D}.Debug|Any CPU.Build.0 = Debug|Any CPU
		{E425096B-7DE3-5986-BBC1-0AC24F86DA9D}.Release|Any CPU.ActiveCfg = Release|Any CPU
		{E425096B-7DE3-5986-BBC1-0AC24F86DA9D}.Release|Any CPU.Build.0 = Release|Any CPU
		{3C1DC3D0-A424-EFA4-90ED-0BAF6C30D247}.Debug|Any CPU.ActiveCfg = Debug|Any CPU
		{3C1DC3D0-A424-EFA4-90ED-0BAF6C30D247}.Debug|Any CPU.Build.0 = Debug|Any CPU
		{3C1DC3D0-A424-EFA4-90ED-0BAF6C30D247}.Release|Any CPU.ActiveCfg = Release|Any CPU
		{3C1DC3D0-A424-EFA4-90ED-0BAF6C30D247}.Release|Any CPU.Build.0 = Release|Any CPU
		{277C85A3-903F-385C-3D62-07BE21A49C7D}.Debug|Any CPU.ActiveCfg = Debug|Any CPU
		{277C85A3-903F-385C-3D62-07BE21A49C7D}.Debug|Any CPU.Build.0 = Debug|Any CPU
		{277C85A3-903F-385C-3D62-07BE21A49C7D}.Release|Any CPU.ActiveCfg = Release|Any CPU
		{277C85A3-903F-385C-3D62-07BE21A49C7D}.Release|Any CPU.Build.0 = Release|Any CPU
		{211E2BAA-5CB1-1F55-FD3D-781F682E1169}.Debug|Any CPU.ActiveCfg = Debug|Any CPU
		{211E2BAA-5CB1-1F55-FD3D-781F682E1169}.Debug|Any CPU.Build.0 = Debug|Any CPU
		{211E2BAA-5CB1-1F55-FD3D-781F682E1169}.Release|Any CPU.ActiveCfg = Release|Any CPU
		{211E2BAA-5CB1-1F55-FD3D-781F682E1169}.Release|Any CPU.Build.0 = Release|Any CPU
		{D81F3DCE-AE3B-BA35-99A7-89DED44B159B}.Debug|Any CPU.ActiveCfg = Debug|Any CPU
		{D81F3DCE-AE3B-BA35-99A7-89DED44B159B}.Debug|Any CPU.Build.0 = Debug|Any CPU
		{D81F3DCE-AE3B-BA35-99A7-89DED44B159B}.Release|Any CPU.ActiveCfg = Release|Any CPU
		{D81F3DCE-AE3B-BA35-99A7-89DED44B159B}.Release|Any CPU.Build.0 = Release|Any CPU
		{9168AC8F-B821-E522-0A10-ABC844F92290}.Debug|Any CPU.ActiveCfg = Debug|Any CPU
		{9168AC8F-B821-E522-0A10-ABC844F92290}.Debug|Any CPU.Build.0 = Debug|Any CPU
		{9168AC8F-B821-E522-0A10-ABC844F92290}.Release|Any CPU.ActiveCfg = Release|Any CPU
		{9168AC8F-B821-E522-0A10-ABC844F92290}.Release|Any CPU.Build.0 = Release|Any CPU
		{80FEBAA4-5224-A78D-C28A-042ADD0D51D0}.Debug|Any CPU.ActiveCfg = Debug|Any CPU
		{80FEBAA4-5224-A78D-C28A-042ADD0D51D0}.Debug|Any CPU.Build.0 = Debug|Any CPU
		{80FEBAA4-5224-A78D-C28A-042ADD0D51D0}.Release|Any CPU.ActiveCfg = Release|Any CPU
		{80FEBAA4-5224-A78D-C28A-042ADD0D51D0}.Release|Any CPU.Build.0 = Release|Any CPU
		{2DF1CED6-E50C-AF7C-787E-334107C6561E}.Debug|Any CPU.ActiveCfg = Debug|Any CPU
		{2DF1CED6-E50C-AF7C-787E-334107C6561E}.Debug|Any CPU.Build.0 = Debug|Any CPU
		{2DF1CED6-E50C-AF7C-787E-334107C6561E}.Release|Any CPU.ActiveCfg = Release|Any CPU
		{2DF1CED6-E50C-AF7C-787E-334107C6561E}.Release|Any CPU.Build.0 = Release|Any CPU
		{24220913-0B8A-3A81-629D-4FFB81F26B13}.Debug|Any CPU.ActiveCfg = Debug|Any CPU
		{24220913-0B8A-3A81-629D-4FFB81F26B13}.Debug|Any CPU.Build.0 = Debug|Any CPU
		{24220913-0B8A-3A81-629D-4FFB81F26B13}.Release|Any CPU.ActiveCfg = Release|Any CPU
		{24220913-0B8A-3A81-629D-4FFB81F26B13}.Release|Any CPU.Build.0 = Release|Any CPU
		{6EDD5226-A4DB-B01A-3AF5-1D6862607602}.Debug|Any CPU.ActiveCfg = Debug|Any CPU
		{6EDD5226-A4DB-B01A-3AF5-1D6862607602}.Debug|Any CPU.Build.0 = Debug|Any CPU
		{6EDD5226-A4DB-B01A-3AF5-1D6862607602}.Release|Any CPU.ActiveCfg = Release|Any CPU
		{6EDD5226-A4DB-B01A-3AF5-1D6862607602}.Release|Any CPU.Build.0 = Release|Any CPU
		{7ACD3AD0-1855-BFDD-E511-6BB5FB61D155}.Debug|Any CPU.ActiveCfg = Debug|Any CPU
		{7ACD3AD0-1855-BFDD-E511-6BB5FB61D155}.Debug|Any CPU.Build.0 = Debug|Any CPU
		{7ACD3AD0-1855-BFDD-E511-6BB5FB61D155}.Release|Any CPU.ActiveCfg = Release|Any CPU
		{7ACD3AD0-1855-BFDD-E511-6BB5FB61D155}.Release|Any CPU.Build.0 = Release|Any CPU
		{6534D7A1-A5C6-E230-1220-E222B1B530F7}.Debug|Any CPU.ActiveCfg = Debug|Any CPU
		{6534D7A1-A5C6-E230-1220-E222B1B530F7}.Debug|Any CPU.Build.0 = Debug|Any CPU
		{6534D7A1-A5C6-E230-1220-E222B1B530F7}.Release|Any CPU.ActiveCfg = Release|Any CPU
		{6534D7A1-A5C6-E230-1220-E222B1B530F7}.Release|Any CPU.Build.0 = Release|Any CPU
		{96F6B1F8-7FA5-92BA-82EF-EEA3B7CB85BE}.Debug|Any CPU.ActiveCfg = Debug|Any CPU
		{96F6B1F8-7FA5-92BA-82EF-EEA3B7CB85BE}.Debug|Any CPU.Build.0 = Debug|Any CPU
		{96F6B1F8-7FA5-92BA-82EF-EEA3B7CB85BE}.Release|Any CPU.ActiveCfg = Release|Any CPU
		{96F6B1F8-7FA5-92BA-82EF-EEA3B7CB85BE}.Release|Any CPU.Build.0 = Release|Any CPU
		{345B3895-C1AD-6AB7-54A1-33698BAB0C4E}.Debug|Any CPU.ActiveCfg = Debug|Any CPU
		{345B3895-C1AD-6AB7-54A1-33698BAB0C4E}.Debug|Any CPU.Build.0 = Debug|Any CPU
		{345B3895-C1AD-6AB7-54A1-33698BAB0C4E}.Release|Any CPU.ActiveCfg = Release|Any CPU
		{345B3895-C1AD-6AB7-54A1-33698BAB0C4E}.Release|Any CPU.Build.0 = Release|Any CPU
		{6CB15724-BDD8-A8A3-AB32-C7C2410C9619}.Debug|Any CPU.ActiveCfg = Debug|Any CPU
		{6CB15724-BDD8-A8A3-AB32-C7C2410C9619}.Debug|Any CPU.Build.0 = Debug|Any CPU
		{6CB15724-BDD8-A8A3-AB32-C7C2410C9619}.Release|Any CPU.ActiveCfg = Release|Any CPU
		{6CB15724-BDD8-A8A3-AB32-C7C2410C9619}.Release|Any CPU.Build.0 = Release|Any CPU
		{6936105F-407A-6B2B-72AD-FE7647C00905}.Debug|Any CPU.ActiveCfg = Debug|Any CPU
		{6936105F-407A-6B2B-72AD-FE7647C00905}.Debug|Any CPU.Build.0 = Debug|Any CPU
		{6936105F-407A-6B2B-72AD-FE7647C00905}.Release|Any CPU.ActiveCfg = Release|Any CPU
		{6936105F-407A-6B2B-72AD-FE7647C00905}.Release|Any CPU.Build.0 = Release|Any CPU
		{7E7E0AF7-4468-001E-35C2-6E2FE69D0314}.Debug|Any CPU.ActiveCfg = Debug|Any CPU
		{7E7E0AF7-4468-001E-35C2-6E2FE69D0314}.Debug|Any CPU.Build.0 = Debug|Any CPU
		{7E7E0AF7-4468-001E-35C2-6E2FE69D0314}.Release|Any CPU.ActiveCfg = Release|Any CPU
		{7E7E0AF7-4468-001E-35C2-6E2FE69D0314}.Release|Any CPU.Build.0 = Release|Any CPU
		{7F9E09DB-6BA8-069F-103E-D8394FEC4DFF}.Debug|Any CPU.ActiveCfg = Debug|Any CPU
		{7F9E09DB-6BA8-069F-103E-D8394FEC4DFF}.Debug|Any CPU.Build.0 = Debug|Any CPU
		{7F9E09DB-6BA8-069F-103E-D8394FEC4DFF}.Release|Any CPU.ActiveCfg = Release|Any CPU
		{7F9E09DB-6BA8-069F-103E-D8394FEC4DFF}.Release|Any CPU.Build.0 = Release|Any CPU
		{8DAF1E46-BD28-144A-9EFB-1C20FE2C3673}.Debug|Any CPU.ActiveCfg = Debug|Any CPU
		{8DAF1E46-BD28-144A-9EFB-1C20FE2C3673}.Debug|Any CPU.Build.0 = Debug|Any CPU
		{8DAF1E46-BD28-144A-9EFB-1C20FE2C3673}.Release|Any CPU.ActiveCfg = Release|Any CPU
		{8DAF1E46-BD28-144A-9EFB-1C20FE2C3673}.Release|Any CPU.Build.0 = Release|Any CPU
		{0295419C-3C98-C612-B881-B1A1AE4EABAC}.Debug|Any CPU.ActiveCfg = Debug|Any CPU
		{0295419C-3C98-C612-B881-B1A1AE4EABAC}.Debug|Any CPU.Build.0 = Debug|Any CPU
		{0295419C-3C98-C612-B881-B1A1AE4EABAC}.Release|Any CPU.ActiveCfg = Release|Any CPU
		{0295419C-3C98-C612-B881-B1A1AE4EABAC}.Release|Any CPU.Build.0 = Release|Any CPU
		{2BC00B33-4F4B-3AA8-59F4-26C909A32AAA}.Debug|Any CPU.ActiveCfg = Debug|Any CPU
		{2BC00B33-4F4B-3AA8-59F4-26C909A32AAA}.Debug|Any CPU.Build.0 = Debug|Any CPU
		{2BC00B33-4F4B-3AA8-59F4-26C909A32AAA}.Release|Any CPU.ActiveCfg = Release|Any CPU
		{2BC00B33-4F4B-3AA8-59F4-26C909A32AAA}.Release|Any CPU.Build.0 = Release|Any CPU
		{3BD95378-5A06-A658-00C3-6509817FA33B}.Debug|Any CPU.ActiveCfg = Debug|Any CPU
		{3BD95378-5A06-A658-00C3-6509817FA33B}.Debug|Any CPU.Build.0 = Debug|Any CPU
		{3BD95378-5A06-A658-00C3-6509817FA33B}.Release|Any CPU.ActiveCfg = Release|Any CPU
		{3BD95378-5A06-A658-00C3-6509817FA33B}.Release|Any CPU.Build.0 = Release|Any CPU
		{E4A217B9-5B8B-5E47-7470-AB9A30D51A58}.Debug|Any CPU.ActiveCfg = Debug|Any CPU
		{E4A217B9-5B8B-5E47-7470-AB9A30D51A58}.Debug|Any CPU.Build.0 = Debug|Any CPU
		{E4A217B9-5B8B-5E47-7470-AB9A30D51A58}.Release|Any CPU.ActiveCfg = Release|Any CPU
		{E4A217B9-5B8B-5E47-7470-AB9A30D51A58}.Release|Any CPU.Build.0 = Release|Any CPU
		{A5A04D8D-19B6-B2D4-762A-5EAF47293316}.Debug|Any CPU.ActiveCfg = Debug|Any CPU
		{A5A04D8D-19B6-B2D4-762A-5EAF47293316}.Debug|Any CPU.Build.0 = Debug|Any CPU
		{A5A04D8D-19B6-B2D4-762A-5EAF47293316}.Release|Any CPU.ActiveCfg = Release|Any CPU
		{A5A04D8D-19B6-B2D4-762A-5EAF47293316}.Release|Any CPU.Build.0 = Release|Any CPU
		{70BA1B86-9958-03E4-4C36-EF6A76D6F62E}.Debug|Any CPU.ActiveCfg = Debug|Any CPU
		{70BA1B86-9958-03E4-4C36-EF6A76D6F62E}.Debug|Any CPU.Build.0 = Debug|Any CPU
		{70BA1B86-9958-03E4-4C36-EF6A76D6F62E}.Release|Any CPU.ActiveCfg = Release|Any CPU
		{70BA1B86-9958-03E4-4C36-EF6A76D6F62E}.Release|Any CPU.Build.0 = Release|Any CPU
		{4FE52ABF-D90D-347E-A1B7-258104F2E382}.Debug|Any CPU.ActiveCfg = Debug|Any CPU
		{4FE52ABF-D90D-347E-A1B7-258104F2E382}.Debug|Any CPU.Build.0 = Debug|Any CPU
		{4FE52ABF-D90D-347E-A1B7-258104F2E382}.Release|Any CPU.ActiveCfg = Release|Any CPU
		{4FE52ABF-D90D-347E-A1B7-258104F2E382}.Release|Any CPU.Build.0 = Release|Any CPU
		{6E5A82FB-0A08-6424-05FC-0D182868CE11}.Debug|Any CPU.ActiveCfg = Debug|Any CPU
		{6E5A82FB-0A08-6424-05FC-0D182868CE11}.Debug|Any CPU.Build.0 = Debug|Any CPU
		{6E5A82FB-0A08-6424-05FC-0D182868CE11}.Release|Any CPU.ActiveCfg = Release|Any CPU
		{6E5A82FB-0A08-6424-05FC-0D182868CE11}.Release|Any CPU.Build.0 = Release|Any CPU
		{CA6BC721-74FD-D279-896F-7E186D354605}.Debug|Any CPU.ActiveCfg = Debug|Any CPU
		{CA6BC721-74FD-D279-896F-7E186D354605}.Debug|Any CPU.Build.0 = Debug|Any CPU
		{CA6BC721-74FD-D279-896F-7E186D354605}.Release|Any CPU.ActiveCfg = Release|Any CPU
		{CA6BC721-74FD-D279-896F-7E186D354605}.Release|Any CPU.Build.0 = Release|Any CPU
		{7EEDEE44-98FA-C4AC-2039-1C7F6E0606C2}.Debug|Any CPU.ActiveCfg = Debug|Any CPU
		{7EEDEE44-98FA-C4AC-2039-1C7F6E0606C2}.Debug|Any CPU.Build.0 = Debug|Any CPU
		{7EEDEE44-98FA-C4AC-2039-1C7F6E0606C2}.Release|Any CPU.ActiveCfg = Release|Any CPU
		{7EEDEE44-98FA-C4AC-2039-1C7F6E0606C2}.Release|Any CPU.Build.0 = Release|Any CPU
		{20FD8360-B442-0E02-02EC-B10B5B4C2817}.Debug|Any CPU.ActiveCfg = Debug|Any CPU
		{20FD8360-B442-0E02-02EC-B10B5B4C2817}.Debug|Any CPU.Build.0 = Debug|Any CPU
		{20FD8360-B442-0E02-02EC-B10B5B4C2817}.Release|Any CPU.ActiveCfg = Release|Any CPU
		{20FD8360-B442-0E02-02EC-B10B5B4C2817}.Release|Any CPU.Build.0 = Release|Any CPU
		{03A036AF-47C5-2139-25AC-23794D3B63C4}.Debug|Any CPU.ActiveCfg = Debug|Any CPU
		{03A036AF-47C5-2139-25AC-23794D3B63C4}.Debug|Any CPU.Build.0 = Debug|Any CPU
		{03A036AF-47C5-2139-25AC-23794D3B63C4}.Release|Any CPU.ActiveCfg = Release|Any CPU
		{03A036AF-47C5-2139-25AC-23794D3B63C4}.Release|Any CPU.Build.0 = Release|Any CPU
		{7E8CFCEA-00D1-794E-75A9-12109A0B1E50}.Debug|Any CPU.ActiveCfg = Debug|Any CPU
		{7E8CFCEA-00D1-794E-75A9-12109A0B1E50}.Debug|Any CPU.Build.0 = Debug|Any CPU
		{7E8CFCEA-00D1-794E-75A9-12109A0B1E50}.Release|Any CPU.ActiveCfg = Release|Any CPU
		{7E8CFCEA-00D1-794E-75A9-12109A0B1E50}.Release|Any CPU.Build.0 = Release|Any CPU
		{9A1AE7E7-E41B-9E0F-3FD4-3BAD8DCE2537}.Debug|Any CPU.ActiveCfg = Debug|Any CPU
		{9A1AE7E7-E41B-9E0F-3FD4-3BAD8DCE2537}.Debug|Any CPU.Build.0 = Debug|Any CPU
		{9A1AE7E7-E41B-9E0F-3FD4-3BAD8DCE2537}.Release|Any CPU.ActiveCfg = Release|Any CPU
		{9A1AE7E7-E41B-9E0F-3FD4-3BAD8DCE2537}.Release|Any CPU.Build.0 = Release|Any CPU
		{A2368402-C061-72C5-AA6C-EEF217849748}.Debug|Any CPU.ActiveCfg = Debug|Any CPU
		{A2368402-C061-72C5-AA6C-EEF217849748}.Debug|Any CPU.Build.0 = Debug|Any CPU
		{A2368402-C061-72C5-AA6C-EEF217849748}.Release|Any CPU.ActiveCfg = Release|Any CPU
		{A2368402-C061-72C5-AA6C-EEF217849748}.Release|Any CPU.Build.0 = Release|Any CPU
		{B0967336-CF78-EA82-A110-847D7FC62476}.Debug|Any CPU.ActiveCfg = Debug|Any CPU
		{B0967336-CF78-EA82-A110-847D7FC62476}.Debug|Any CPU.Build.0 = Debug|Any CPU
		{B0967336-CF78-EA82-A110-847D7FC62476}.Release|Any CPU.ActiveCfg = Release|Any CPU
		{B0967336-CF78-EA82-A110-847D7FC62476}.Release|Any CPU.Build.0 = Release|Any CPU
		{635B5AD5-550F-C3E5-2910-8FAB7E25894F}.Debug|Any CPU.ActiveCfg = Debug|Any CPU
		{635B5AD5-550F-C3E5-2910-8FAB7E25894F}.Debug|Any CPU.Build.0 = Debug|Any CPU
		{635B5AD5-550F-C3E5-2910-8FAB7E25894F}.Release|Any CPU.ActiveCfg = Release|Any CPU
		{635B5AD5-550F-C3E5-2910-8FAB7E25894F}.Release|Any CPU.Build.0 = Release|Any CPU
		{0EC4DEFD-3728-AB12-8308-62528CD983CC}.Debug|Any CPU.ActiveCfg = Debug|Any CPU
		{0EC4DEFD-3728-AB12-8308-62528CD983CC}.Debug|Any CPU.Build.0 = Debug|Any CPU
		{0EC4DEFD-3728-AB12-8308-62528CD983CC}.Release|Any CPU.ActiveCfg = Release|Any CPU
		{0EC4DEFD-3728-AB12-8308-62528CD983CC}.Release|Any CPU.Build.0 = Release|Any CPU
		{5DB83EE7-E0E9-DC7F-55BA-0147FB37AFFA}.Debug|Any CPU.ActiveCfg = Debug|Any CPU
		{5DB83EE7-E0E9-DC7F-55BA-0147FB37AFFA}.Debug|Any CPU.Build.0 = Debug|Any CPU
		{5DB83EE7-E0E9-DC7F-55BA-0147FB37AFFA}.Release|Any CPU.ActiveCfg = Release|Any CPU
		{5DB83EE7-E0E9-DC7F-55BA-0147FB37AFFA}.Release|Any CPU.Build.0 = Release|Any CPU
		{525393F3-8030-5104-157F-8105A3366E55}.Debug|Any CPU.ActiveCfg = Debug|Any CPU
		{525393F3-8030-5104-157F-8105A3366E55}.Debug|Any CPU.Build.0 = Debug|Any CPU
		{525393F3-8030-5104-157F-8105A3366E55}.Release|Any CPU.ActiveCfg = Release|Any CPU
		{525393F3-8030-5104-157F-8105A3366E55}.Release|Any CPU.Build.0 = Release|Any CPU
		{86F9A64B-F4A5-2BCD-EDB1-653B79935A86}.Debug|Any CPU.ActiveCfg = Debug|Any CPU
		{86F9A64B-F4A5-2BCD-EDB1-653B79935A86}.Debug|Any CPU.Build.0 = Debug|Any CPU
		{86F9A64B-F4A5-2BCD-EDB1-653B79935A86}.Release|Any CPU.ActiveCfg = Release|Any CPU
		{86F9A64B-F4A5-2BCD-EDB1-653B79935A86}.Release|Any CPU.Build.0 = Release|Any CPU
		{DAD81E2F-B4F7-D4E0-5A0A-5A09BCDCDD93}.Debug|Any CPU.ActiveCfg = Debug|Any CPU
		{DAD81E2F-B4F7-D4E0-5A0A-5A09BCDCDD93}.Debug|Any CPU.Build.0 = Debug|Any CPU
		{DAD81E2F-B4F7-D4E0-5A0A-5A09BCDCDD93}.Release|Any CPU.ActiveCfg = Release|Any CPU
		{DAD81E2F-B4F7-D4E0-5A0A-5A09BCDCDD93}.Release|Any CPU.Build.0 = Release|Any CPU
		{9E049EF3-CE3B-73AD-FA18-D1AFB16D9548}.Debug|Any CPU.ActiveCfg = Debug|Any CPU
		{9E049EF3-CE3B-73AD-FA18-D1AFB16D9548}.Debug|Any CPU.Build.0 = Debug|Any CPU
		{9E049EF3-CE3B-73AD-FA18-D1AFB16D9548}.Release|Any CPU.ActiveCfg = Release|Any CPU
		{9E049EF3-CE3B-73AD-FA18-D1AFB16D9548}.Release|Any CPU.Build.0 = Release|Any CPU
		{613E6652-C5FF-8D1D-D77F-DED153380846}.Debug|Any CPU.ActiveCfg = Debug|Any CPU
		{613E6652-C5FF-8D1D-D77F-DED153380846}.Debug|Any CPU.Build.0 = Debug|Any CPU
		{613E6652-C5FF-8D1D-D77F-DED153380846}.Release|Any CPU.ActiveCfg = Release|Any CPU
		{613E6652-C5FF-8D1D-D77F-DED153380846}.Release|Any CPU.Build.0 = Release|Any CPU
		{704E7815-AB79-9AE0-33A5-6C5040C9B618}.Debug|Any CPU.ActiveCfg = Debug|Any CPU
		{704E7815-AB79-9AE0-33A5-6C5040C9B618}.Debug|Any CPU.Build.0 = Debug|Any CPU
		{704E7815-AB79-9AE0-33A5-6C5040C9B618}.Release|Any CPU.ActiveCfg = Release|Any CPU
		{704E7815-AB79-9AE0-33A5-6C5040C9B618}.Release|Any CPU.Build.0 = Release|Any CPU
		{698EAACC-7B20-E893-1856-B736099F72BF}.Debug|Any CPU.ActiveCfg = Debug|Any CPU
		{698EAACC-7B20-E893-1856-B736099F72BF}.Debug|Any CPU.Build.0 = Debug|Any CPU
		{698EAACC-7B20-E893-1856-B736099F72BF}.Release|Any CPU.ActiveCfg = Release|Any CPU
		{698EAACC-7B20-E893-1856-B736099F72BF}.Release|Any CPU.Build.0 = Release|Any CPU
		{56F16A29-C81D-F421-9591-D962A98E6E54}.Debug|Any CPU.ActiveCfg = Debug|Any CPU
		{56F16A29-C81D-F421-9591-D962A98E6E54}.Debug|Any CPU.Build.0 = Debug|Any CPU
		{56F16A29-C81D-F421-9591-D962A98E6E54}.Release|Any CPU.ActiveCfg = Release|Any CPU
		{56F16A29-C81D-F421-9591-D962A98E6E54}.Release|Any CPU.Build.0 = Release|Any CPU
		{366EA6C8-693C-9E66-BACF-20969A473E2F}.Debug|Any CPU.ActiveCfg = Debug|Any CPU
		{366EA6C8-693C-9E66-BACF-20969A473E2F}.Debug|Any CPU.Build.0 = Debug|Any CPU
		{366EA6C8-693C-9E66-BACF-20969A473E2F}.Release|Any CPU.ActiveCfg = Release|Any CPU
		{366EA6C8-693C-9E66-BACF-20969A473E2F}.Release|Any CPU.Build.0 = Release|Any CPU
		{609A9474-CB47-3191-DE1F-302A6F468EB1}.Debug|Any CPU.ActiveCfg = Debug|Any CPU
		{609A9474-CB47-3191-DE1F-302A6F468EB1}.Debug|Any CPU.Build.0 = Debug|Any CPU
		{609A9474-CB47-3191-DE1F-302A6F468EB1}.Release|Any CPU.ActiveCfg = Release|Any CPU
		{609A9474-CB47-3191-DE1F-302A6F468EB1}.Release|Any CPU.Build.0 = Release|Any CPU
		{62D31292-463C-02F8-C464-9C6FB208596F}.Debug|Any CPU.ActiveCfg = Debug|Any CPU
		{62D31292-463C-02F8-C464-9C6FB208596F}.Debug|Any CPU.Build.0 = Debug|Any CPU
		{62D31292-463C-02F8-C464-9C6FB208596F}.Release|Any CPU.ActiveCfg = Release|Any CPU
		{62D31292-463C-02F8-C464-9C6FB208596F}.Release|Any CPU.Build.0 = Release|Any CPU
		{94512508-8EB6-A497-CCF8-0A271C71C08C}.Debug|Any CPU.ActiveCfg = Debug|Any CPU
		{94512508-8EB6-A497-CCF8-0A271C71C08C}.Debug|Any CPU.Build.0 = Debug|Any CPU
		{94512508-8EB6-A497-CCF8-0A271C71C08C}.Release|Any CPU.ActiveCfg = Release|Any CPU
		{94512508-8EB6-A497-CCF8-0A271C71C08C}.Release|Any CPU.Build.0 = Release|Any CPU
		{AD5705F3-5738-BD86-BA8B-8B914BBAB891}.Debug|Any CPU.ActiveCfg = Debug|Any CPU
		{AD5705F3-5738-BD86-BA8B-8B914BBAB891}.Debug|Any CPU.Build.0 = Debug|Any CPU
		{AD5705F3-5738-BD86-BA8B-8B914BBAB891}.Release|Any CPU.ActiveCfg = Release|Any CPU
		{AD5705F3-5738-BD86-BA8B-8B914BBAB891}.Release|Any CPU.Build.0 = Release|Any CPU
		{D5769159-98D3-3A8D-200A-E02634B5DA45}.Debug|Any CPU.ActiveCfg = Debug|Any CPU
		{D5769159-98D3-3A8D-200A-E02634B5DA45}.Debug|Any CPU.Build.0 = Debug|Any CPU
		{D5769159-98D3-3A8D-200A-E02634B5DA45}.Release|Any CPU.ActiveCfg = Release|Any CPU
		{D5769159-98D3-3A8D-200A-E02634B5DA45}.Release|Any CPU.Build.0 = Release|Any CPU
		{DEF4B171-E653-F48F-4B35-D947860C7167}.Debug|Any CPU.ActiveCfg = Debug|Any CPU
		{DEF4B171-E653-F48F-4B35-D947860C7167}.Debug|Any CPU.Build.0 = Debug|Any CPU
		{DEF4B171-E653-F48F-4B35-D947860C7167}.Release|Any CPU.ActiveCfg = Release|Any CPU
		{DEF4B171-E653-F48F-4B35-D947860C7167}.Release|Any CPU.Build.0 = Release|Any CPU
		{193A1011-FEB8-8D2B-7446-105F703020A4}.Debug|Any CPU.ActiveCfg = Debug|Any CPU
		{193A1011-FEB8-8D2B-7446-105F703020A4}.Debug|Any CPU.Build.0 = Debug|Any CPU
		{193A1011-FEB8-8D2B-7446-105F703020A4}.Release|Any CPU.ActiveCfg = Release|Any CPU
		{193A1011-FEB8-8D2B-7446-105F703020A4}.Release|Any CPU.Build.0 = Release|Any CPU
		{2BEC5570-A5BA-B26C-61B4-12E2BAD85B86}.Debug|Any CPU.ActiveCfg = Debug|Any CPU
		{2BEC5570-A5BA-B26C-61B4-12E2BAD85B86}.Debug|Any CPU.Build.0 = Debug|Any CPU
		{2BEC5570-A5BA-B26C-61B4-12E2BAD85B86}.Release|Any CPU.ActiveCfg = Release|Any CPU
		{2BEC5570-A5BA-B26C-61B4-12E2BAD85B86}.Release|Any CPU.Build.0 = Release|Any CPU
		{DF7EEAEB-8D4E-D2B9-CDF3-35DC86B456B7}.Debug|Any CPU.ActiveCfg = Debug|Any CPU
		{DF7EEAEB-8D4E-D2B9-CDF3-35DC86B456B7}.Debug|Any CPU.Build.0 = Debug|Any CPU
		{DF7EEAEB-8D4E-D2B9-CDF3-35DC86B456B7}.Release|Any CPU.ActiveCfg = Release|Any CPU
		{DF7EEAEB-8D4E-D2B9-CDF3-35DC86B456B7}.Release|Any CPU.Build.0 = Release|Any CPU
		{03DEC5A0-B30D-41A9-12ED-5C421A1267CD}.Debug|Any CPU.ActiveCfg = Debug|Any CPU
		{03DEC5A0-B30D-41A9-12ED-5C421A1267CD}.Debug|Any CPU.Build.0 = Debug|Any CPU
		{03DEC5A0-B30D-41A9-12ED-5C421A1267CD}.Release|Any CPU.ActiveCfg = Release|Any CPU
		{03DEC5A0-B30D-41A9-12ED-5C421A1267CD}.Release|Any CPU.Build.0 = Release|Any CPU
		{9D439C74-6ABB-FD05-5A65-A9517C7362BF}.Debug|Any CPU.ActiveCfg = Debug|Any CPU
		{9D439C74-6ABB-FD05-5A65-A9517C7362BF}.Debug|Any CPU.Build.0 = Debug|Any CPU
		{9D439C74-6ABB-FD05-5A65-A9517C7362BF}.Release|Any CPU.ActiveCfg = Release|Any CPU
		{9D439C74-6ABB-FD05-5A65-A9517C7362BF}.Release|Any CPU.Build.0 = Release|Any CPU
		{F235F9E5-80EA-16BD-82E3-BFCCC7D7DC30}.Debug|Any CPU.ActiveCfg = Debug|Any CPU
		{F235F9E5-80EA-16BD-82E3-BFCCC7D7DC30}.Debug|Any CPU.Build.0 = Debug|Any CPU
		{F235F9E5-80EA-16BD-82E3-BFCCC7D7DC30}.Release|Any CPU.ActiveCfg = Release|Any CPU
		{F235F9E5-80EA-16BD-82E3-BFCCC7D7DC30}.Release|Any CPU.Build.0 = Release|Any CPU
		{048D9290-4007-E482-1252-C8039DCAB619}.Debug|Any CPU.ActiveCfg = Debug|Any CPU
		{048D9290-4007-E482-1252-C8039DCAB619}.Debug|Any CPU.Build.0 = Debug|Any CPU
		{048D9290-4007-E482-1252-C8039DCAB619}.Release|Any CPU.ActiveCfg = Release|Any CPU
		{048D9290-4007-E482-1252-C8039DCAB619}.Release|Any CPU.Build.0 = Release|Any CPU
		{16A8E4BE-316A-77F9-8495-3CB8281B91BF}.Debug|Any CPU.ActiveCfg = Debug|Any CPU
		{16A8E4BE-316A-77F9-8495-3CB8281B91BF}.Debug|Any CPU.Build.0 = Debug|Any CPU
		{16A8E4BE-316A-77F9-8495-3CB8281B91BF}.Release|Any CPU.ActiveCfg = Release|Any CPU
		{16A8E4BE-316A-77F9-8495-3CB8281B91BF}.Release|Any CPU.Build.0 = Release|Any CPU
		{CED7EEA7-F64D-1814-4A25-B09D24BE80B0}.Debug|Any CPU.ActiveCfg = Debug|Any CPU
		{CED7EEA7-F64D-1814-4A25-B09D24BE80B0}.Debug|Any CPU.Build.0 = Debug|Any CPU
		{CED7EEA7-F64D-1814-4A25-B09D24BE80B0}.Release|Any CPU.ActiveCfg = Release|Any CPU
		{CED7EEA7-F64D-1814-4A25-B09D24BE80B0}.Release|Any CPU.Build.0 = Release|Any CPU
		{C772B4F3-6049-095D-0577-751316DA9312}.Debug|Any CPU.ActiveCfg = Debug|Any CPU
		{C772B4F3-6049-095D-0577-751316DA9312}.Debug|Any CPU.Build.0 = Debug|Any CPU
		{C772B4F3-6049-095D-0577-751316DA9312}.Release|Any CPU.ActiveCfg = Release|Any CPU
		{C772B4F3-6049-095D-0577-751316DA9312}.Release|Any CPU.Build.0 = Release|Any CPU
		{757E4E92-10A3-73E2-7C0E-CA51F10681D3}.Debug|Any CPU.ActiveCfg = Debug|Any CPU
		{757E4E92-10A3-73E2-7C0E-CA51F10681D3}.Debug|Any CPU.Build.0 = Debug|Any CPU
		{757E4E92-10A3-73E2-7C0E-CA51F10681D3}.Release|Any CPU.ActiveCfg = Release|Any CPU
		{757E4E92-10A3-73E2-7C0E-CA51F10681D3}.Release|Any CPU.Build.0 = Release|Any CPU
		{C0FD4371-D9CC-740D-B6DA-3F4692658396}.Debug|Any CPU.ActiveCfg = Debug|Any CPU
		{C0FD4371-D9CC-740D-B6DA-3F4692658396}.Debug|Any CPU.Build.0 = Debug|Any CPU
		{C0FD4371-D9CC-740D-B6DA-3F4692658396}.Release|Any CPU.ActiveCfg = Release|Any CPU
		{C0FD4371-D9CC-740D-B6DA-3F4692658396}.Release|Any CPU.Build.0 = Release|Any CPU
		{0ADD2F89-17A1-B1FC-C272-4086AB9EA632}.Debug|Any CPU.ActiveCfg = Debug|Any CPU
		{0ADD2F89-17A1-B1FC-C272-4086AB9EA632}.Debug|Any CPU.Build.0 = Debug|Any CPU
		{0ADD2F89-17A1-B1FC-C272-4086AB9EA632}.Release|Any CPU.ActiveCfg = Release|Any CPU
		{0ADD2F89-17A1-B1FC-C272-4086AB9EA632}.Release|Any CPU.Build.0 = Release|Any CPU
		{3DD4C06E-2399-7C4D-0B56-57C016A84339}.Debug|Any CPU.ActiveCfg = Debug|Any CPU
		{3DD4C06E-2399-7C4D-0B56-57C016A84339}.Debug|Any CPU.Build.0 = Debug|Any CPU
		{3DD4C06E-2399-7C4D-0B56-57C016A84339}.Release|Any CPU.ActiveCfg = Release|Any CPU
		{3DD4C06E-2399-7C4D-0B56-57C016A84339}.Release|Any CPU.Build.0 = Release|Any CPU
		{8C6BCF9D-0195-9843-22D6-4843FB7DB89A}.Debug|Any CPU.ActiveCfg = Debug|Any CPU
		{8C6BCF9D-0195-9843-22D6-4843FB7DB89A}.Debug|Any CPU.Build.0 = Debug|Any CPU
		{8C6BCF9D-0195-9843-22D6-4843FB7DB89A}.Release|Any CPU.ActiveCfg = Release|Any CPU
		{8C6BCF9D-0195-9843-22D6-4843FB7DB89A}.Release|Any CPU.Build.0 = Release|Any CPU
		{FE5CBFA2-1F2C-B03F-1376-ED7233222287}.Debug|Any CPU.ActiveCfg = Debug|Any CPU
		{FE5CBFA2-1F2C-B03F-1376-ED7233222287}.Debug|Any CPU.Build.0 = Debug|Any CPU
		{FE5CBFA2-1F2C-B03F-1376-ED7233222287}.Release|Any CPU.ActiveCfg = Release|Any CPU
		{FE5CBFA2-1F2C-B03F-1376-ED7233222287}.Release|Any CPU.Build.0 = Release|Any CPU
		{56184208-DB01-1072-5109-C3368E534F74}.Debug|Any CPU.ActiveCfg = Debug|Any CPU
		{56184208-DB01-1072-5109-C3368E534F74}.Debug|Any CPU.Build.0 = Debug|Any CPU
		{56184208-DB01-1072-5109-C3368E534F74}.Release|Any CPU.ActiveCfg = Release|Any CPU
		{56184208-DB01-1072-5109-C3368E534F74}.Release|Any CPU.Build.0 = Release|Any CPU
		{48C2309E-926B-F4BE-AE2C-C3B8413B4135}.Debug|Any CPU.ActiveCfg = Debug|Any CPU
		{48C2309E-926B-F4BE-AE2C-C3B8413B4135}.Debug|Any CPU.Build.0 = Debug|Any CPU
		{48C2309E-926B-F4BE-AE2C-C3B8413B4135}.Release|Any CPU.ActiveCfg = Release|Any CPU
		{48C2309E-926B-F4BE-AE2C-C3B8413B4135}.Release|Any CPU.Build.0 = Release|Any CPU
		{80F731A6-E883-0FD6-B158-19065C3FBAC4}.Debug|Any CPU.ActiveCfg = Debug|Any CPU
		{80F731A6-E883-0FD6-B158-19065C3FBAC4}.Debug|Any CPU.Build.0 = Debug|Any CPU
		{80F731A6-E883-0FD6-B158-19065C3FBAC4}.Release|Any CPU.ActiveCfg = Release|Any CPU
		{80F731A6-E883-0FD6-B158-19065C3FBAC4}.Release|Any CPU.Build.0 = Release|Any CPU
		{00052084-86D4-B2EF-E338-DC8218A18F29}.Debug|Any CPU.ActiveCfg = Debug|Any CPU
		{00052084-86D4-B2EF-E338-DC8218A18F29}.Debug|Any CPU.Build.0 = Debug|Any CPU
		{00052084-86D4-B2EF-E338-DC8218A18F29}.Release|Any CPU.ActiveCfg = Release|Any CPU
		{00052084-86D4-B2EF-E338-DC8218A18F29}.Release|Any CPU.Build.0 = Release|Any CPU
		{C3173121-0E73-642C-2150-7931CEF70C60}.Debug|Any CPU.ActiveCfg = Debug|Any CPU
		{C3173121-0E73-642C-2150-7931CEF70C60}.Debug|Any CPU.Build.0 = Debug|Any CPU
		{C3173121-0E73-642C-2150-7931CEF70C60}.Release|Any CPU.ActiveCfg = Release|Any CPU
		{C3173121-0E73-642C-2150-7931CEF70C60}.Release|Any CPU.Build.0 = Release|Any CPU
		{754A9894-5887-DF8D-B0B5-B32836FF2F20}.Debug|Any CPU.ActiveCfg = Debug|Any CPU
		{754A9894-5887-DF8D-B0B5-B32836FF2F20}.Debug|Any CPU.Build.0 = Debug|Any CPU
		{754A9894-5887-DF8D-B0B5-B32836FF2F20}.Release|Any CPU.ActiveCfg = Release|Any CPU
		{754A9894-5887-DF8D-B0B5-B32836FF2F20}.Release|Any CPU.Build.0 = Release|Any CPU
		{41F69057-4567-1044-A0B0-608AF0A4C8D8}.Debug|Any CPU.ActiveCfg = Debug|Any CPU
		{41F69057-4567-1044-A0B0-608AF0A4C8D8}.Debug|Any CPU.Build.0 = Debug|Any CPU
		{41F69057-4567-1044-A0B0-608AF0A4C8D8}.Release|Any CPU.ActiveCfg = Release|Any CPU
		{41F69057-4567-1044-A0B0-608AF0A4C8D8}.Release|Any CPU.Build.0 = Release|Any CPU
		{DD1F220F-943A-C086-4D20-B66CE986D988}.Debug|Any CPU.ActiveCfg = Debug|Any CPU
		{DD1F220F-943A-C086-4D20-B66CE986D988}.Debug|Any CPU.Build.0 = Debug|Any CPU
		{DD1F220F-943A-C086-4D20-B66CE986D988}.Release|Any CPU.ActiveCfg = Release|Any CPU
		{DD1F220F-943A-C086-4D20-B66CE986D988}.Release|Any CPU.Build.0 = Release|Any CPU
		{2EE8F9C2-BC6A-5B5D-72F8-FF51380EB090}.Debug|Any CPU.ActiveCfg = Debug|Any CPU
		{2EE8F9C2-BC6A-5B5D-72F8-FF51380EB090}.Debug|Any CPU.Build.0 = Debug|Any CPU
		{2EE8F9C2-BC6A-5B5D-72F8-FF51380EB090}.Release|Any CPU.ActiveCfg = Release|Any CPU
		{2EE8F9C2-BC6A-5B5D-72F8-FF51380EB090}.Release|Any CPU.Build.0 = Release|Any CPU
		{92C70275-F86F-5104-8C88-C0D7FED6AD12}.Debug|Any CPU.ActiveCfg = Debug|Any CPU
		{92C70275-F86F-5104-8C88-C0D7FED6AD12}.Debug|Any CPU.Build.0 = Debug|Any CPU
		{92C70275-F86F-5104-8C88-C0D7FED6AD12}.Release|Any CPU.ActiveCfg = Release|Any CPU
		{92C70275-F86F-5104-8C88-C0D7FED6AD12}.Release|Any CPU.Build.0 = Release|Any CPU
		{E9D7CDEA-61E7-E1B5-CEA4-6862EC99B45B}.Debug|Any CPU.ActiveCfg = Debug|Any CPU
		{E9D7CDEA-61E7-E1B5-CEA4-6862EC99B45B}.Debug|Any CPU.Build.0 = Debug|Any CPU
		{E9D7CDEA-61E7-E1B5-CEA4-6862EC99B45B}.Release|Any CPU.ActiveCfg = Release|Any CPU
		{E9D7CDEA-61E7-E1B5-CEA4-6862EC99B45B}.Release|Any CPU.Build.0 = Release|Any CPU
		{D84517DE-AC83-B253-0A01-65CEDCF75E3D}.Debug|Any CPU.ActiveCfg = Debug|Any CPU
		{D84517DE-AC83-B253-0A01-65CEDCF75E3D}.Debug|Any CPU.Build.0 = Debug|Any CPU
		{D84517DE-AC83-B253-0A01-65CEDCF75E3D}.Release|Any CPU.ActiveCfg = Release|Any CPU
		{D84517DE-AC83-B253-0A01-65CEDCF75E3D}.Release|Any CPU.Build.0 = Release|Any CPU
		{52F71281-B2C7-633A-F412-9BAF72493A5E}.Debug|Any CPU.ActiveCfg = Debug|Any CPU
		{52F71281-B2C7-633A-F412-9BAF72493A5E}.Debug|Any CPU.Build.0 = Debug|Any CPU
		{52F71281-B2C7-633A-F412-9BAF72493A5E}.Release|Any CPU.ActiveCfg = Release|Any CPU
		{52F71281-B2C7-633A-F412-9BAF72493A5E}.Release|Any CPU.Build.0 = Release|Any CPU
		{5671FA79-970C-6C43-D2B0-93432DCCA49D}.Debug|Any CPU.ActiveCfg = Debug|Any CPU
		{5671FA79-970C-6C43-D2B0-93432DCCA49D}.Debug|Any CPU.Build.0 = Debug|Any CPU
		{5671FA79-970C-6C43-D2B0-93432DCCA49D}.Release|Any CPU.ActiveCfg = Release|Any CPU
		{5671FA79-970C-6C43-D2B0-93432DCCA49D}.Release|Any CPU.Build.0 = Release|Any CPU
		{E9AC3B7B-43ED-CFA5-5C8C-350108D0AE01}.Debug|Any CPU.ActiveCfg = Debug|Any CPU
		{E9AC3B7B-43ED-CFA5-5C8C-350108D0AE01}.Debug|Any CPU.Build.0 = Debug|Any CPU
		{E9AC3B7B-43ED-CFA5-5C8C-350108D0AE01}.Release|Any CPU.ActiveCfg = Release|Any CPU
		{E9AC3B7B-43ED-CFA5-5C8C-350108D0AE01}.Release|Any CPU.Build.0 = Release|Any CPU
		{69321FC7-19F2-8972-DC4B-40C6C17FAD42}.Debug|Any CPU.ActiveCfg = Debug|Any CPU
		{69321FC7-19F2-8972-DC4B-40C6C17FAD42}.Debug|Any CPU.Build.0 = Debug|Any CPU
		{69321FC7-19F2-8972-DC4B-40C6C17FAD42}.Release|Any CPU.ActiveCfg = Release|Any CPU
		{69321FC7-19F2-8972-DC4B-40C6C17FAD42}.Release|Any CPU.Build.0 = Release|Any CPU
		{74DBE030-E709-4EA6-6792-F3DC97332612}.Debug|Any CPU.ActiveCfg = Debug|Any CPU
		{74DBE030-E709-4EA6-6792-F3DC97332612}.Debug|Any CPU.Build.0 = Debug|Any CPU
		{74DBE030-E709-4EA6-6792-F3DC97332612}.Release|Any CPU.ActiveCfg = Release|Any CPU
		{74DBE030-E709-4EA6-6792-F3DC97332612}.Release|Any CPU.Build.0 = Release|Any CPU
	EndGlobalSection
	GlobalSection(SolutionProperties) = preSolution
		HideSolutionNode = FALSE
	EndGlobalSection
EndGlobal
